
Microsoft Visual Studio Solution File, Format Version 12.00
# Visual Studio 14
VisualStudioVersion = 14.0.22310.1
MinimumVisualStudioVersion = 10.0.40219.1
Project("{2150E333-8FDC-42A3-9474-1A3956D46DE8}") = "Engine", "Engine", "{FB51EC61-FE8C-4A39-A0EE-6742C2678986}"
EndProject
Project("{2150E333-8FDC-42A3-9474-1A3956D46DE8}") = "Games", "Games", "{6AF088B6-EC64-4A56-BBA4-231BA7919D65}"
EndProject
Project("{8BC9CEB8-8B4A-11D0-8D11-00A0C91BC942}") = "UE4", "Intermediate\ProjectFiles\UE4.vcxproj", "{0AD9FD59-6C14-4092-9698-76D3EB14D32D}"
EndProject
Project("{8BC9CEB8-8B4A-11D0-8D11-00A0C91BC942}") = "RealBuild", "Intermediate\ProjectFiles\RealBuild.vcxproj", "{B02B7D0A-FF4B-46AE-B8BB-4FEC10AEB175}"
EndProject
Global
	GlobalSection(SolutionConfigurationPlatforms) = preSolution
		DebugGame Editor|HTML5 = DebugGame Editor|HTML5
		DebugGame Editor|Win32 = DebugGame Editor|Win32
		DebugGame Editor|Win64 = DebugGame Editor|Win64
		DebugGame|HTML5 = DebugGame|HTML5
		DebugGame|Win32 = DebugGame|Win32
		DebugGame|Win64 = DebugGame|Win64
		Development Editor|HTML5 = Development Editor|HTML5
		Development Editor|Win32 = Development Editor|Win32
		Development Editor|Win64 = Development Editor|Win64
		Development|HTML5 = Development|HTML5
		Development|Win32 = Development|Win32
		Development|Win64 = Development|Win64
		Shipping|HTML5 = Shipping|HTML5
		Shipping|Win32 = Shipping|Win32
		Shipping|Win64 = Shipping|Win64
	EndGlobalSection
	GlobalSection(ProjectConfigurationPlatforms) = postSolution
		{B02B7D0A-FF4B-46AE-B8BB-4FEC10AEB175}.DebugGame Editor|HTML5.ActiveCfg = HTML5_DebugGame_Editor|Win32
		{B02B7D0A-FF4B-46AE-B8BB-4FEC10AEB175}.DebugGame Editor|Win32.ActiveCfg = DebugGame_Editor|Win32
		{B02B7D0A-FF4B-46AE-B8BB-4FEC10AEB175}.DebugGame Editor|Win64.ActiveCfg = DebugGame_Editor|x64
		{B02B7D0A-FF4B-46AE-B8BB-4FEC10AEB175}.DebugGame Editor|Win64.Build.0 = DebugGame_Editor|x64
		{B02B7D0A-FF4B-46AE-B8BB-4FEC10AEB175}.DebugGame|HTML5.ActiveCfg = HTML5_DebugGame_Game|Win32
		{B02B7D0A-FF4B-46AE-B8BB-4FEC10AEB175}.DebugGame|HTML5.Build.0 = HTML5_DebugGame_Game|Win32
		{B02B7D0A-FF4B-46AE-B8BB-4FEC10AEB175}.DebugGame|Win32.ActiveCfg = DebugGame_Game|Win32
		{B02B7D0A-FF4B-46AE-B8BB-4FEC10AEB175}.DebugGame|Win32.Build.0 = DebugGame_Game|Win32
		{B02B7D0A-FF4B-46AE-B8BB-4FEC10AEB175}.DebugGame|Win64.ActiveCfg = DebugGame_Game|x64
		{B02B7D0A-FF4B-46AE-B8BB-4FEC10AEB175}.DebugGame|Win64.Build.0 = DebugGame_Game|x64
		{B02B7D0A-FF4B-46AE-B8BB-4FEC10AEB175}.Development Editor|HTML5.ActiveCfg = HTML5_Development_Editor|Win32
		{B02B7D0A-FF4B-46AE-B8BB-4FEC10AEB175}.Development Editor|Win32.ActiveCfg = Development_Editor|Win32
		{B02B7D0A-FF4B-46AE-B8BB-4FEC10AEB175}.Development Editor|Win64.ActiveCfg = Development_Editor|x64
		{B02B7D0A-FF4B-46AE-B8BB-4FEC10AEB175}.Development Editor|Win64.Build.0 = Development_Editor|x64
		{B02B7D0A-FF4B-46AE-B8BB-4FEC10AEB175}.Development|HTML5.ActiveCfg = HTML5_Development_Game|Win32
		{B02B7D0A-FF4B-46AE-B8BB-4FEC10AEB175}.Development|HTML5.Build.0 = HTML5_Development_Game|Win32
		{B02B7D0A-FF4B-46AE-B8BB-4FEC10AEB175}.Development|Win32.ActiveCfg = Development_Game|Win32
		{B02B7D0A-FF4B-46AE-B8BB-4FEC10AEB175}.Development|Win32.Build.0 = Development_Game|Win32
		{B02B7D0A-FF4B-46AE-B8BB-4FEC10AEB175}.Development|Win64.ActiveCfg = Development_Game|x64
		{B02B7D0A-FF4B-46AE-B8BB-4FEC10AEB175}.Development|Win64.Build.0 = Development_Game|x64
		{B02B7D0A-FF4B-46AE-B8BB-4FEC10AEB175}.Shipping|HTML5.ActiveCfg = HTML5_Shipping_Game|Win32
		{B02B7D0A-FF4B-46AE-B8BB-4FEC10AEB175}.Shipping|HTML5.Build.0 = HTML5_Shipping_Game|Win32
		{B02B7D0A-FF4B-46AE-B8BB-4FEC10AEB175}.Shipping|Win32.ActiveCfg = Shipping_Game|Win32
		{B02B7D0A-FF4B-46AE-B8BB-4FEC10AEB175}.Shipping|Win32.Build.0 = Shipping_Game|Win32
		{B02B7D0A-FF4B-46AE-B8BB-4FEC10AEB175}.Shipping|Win64.ActiveCfg = Shipping_Game|x64
		{B02B7D0A-FF4B-46AE-B8BB-4FEC10AEB175}.Shipping|Win64.Build.0 = Shipping_Game|x64
	EndGlobalSection
	GlobalSection(SolutionProperties) = preSolution
		HideSolutionNode = FALSE
	EndGlobalSection
	GlobalSection(NestedProjects) = preSolution
		{0AD9FD59-6C14-4092-9698-76D3EB14D32D} = {FB51EC61-FE8C-4A39-A0EE-6742C2678986}
		{B02B7D0A-FF4B-46AE-B8BB-4FEC10AEB175} = {6AF088B6-EC64-4A56-BBA4-231BA7919D65}
	EndGlobalSection
EndGlobal
